// !$*UTF8*$!
{
	archiveVersion = 1;
	classes = {
	};
	objectVersion = 46;
	objects = {

/* Begin PBXBuildFile section */
		687C54121CC5AC06008D0546 /* MyLibraryTableViewController.swift in Sources */ = {isa = PBXBuildFile; fileRef = 687C54111CC5AC06008D0546 /* MyLibraryTableViewController.swift */; };
		68A1FFA11CC6C45E00DFC848 /* MyLibraryTableViewCell.swift in Sources */ = {isa = PBXBuildFile; fileRef = 68A1FFA01CC6C45E00DFC848 /* MyLibraryTableViewCell.swift */; };
		68F263AE1CB3085500C80ACB /* AppDelegate.swift in Sources */ = {isa = PBXBuildFile; fileRef = 68F263AD1CB3085500C80ACB /* AppDelegate.swift */; };
		68F263B01CB3085500C80ACB /* ScannerViewController.swift in Sources */ = {isa = PBXBuildFile; fileRef = 68F263AF1CB3085500C80ACB /* ScannerViewController.swift */; };
		68F263B51CB3085500C80ACB /* Main.storyboard in Resources */ = {isa = PBXBuildFile; fileRef = 68F263B31CB3085500C80ACB /* Main.storyboard */; };
		68F263B71CB3085500C80ACB /* Assets.xcassets in Resources */ = {isa = PBXBuildFile; fileRef = 68F263B61CB3085500C80ACB /* Assets.xcassets */; };
		68F263BA1CB3085600C80ACB /* LaunchScreen.storyboard in Resources */ = {isa = PBXBuildFile; fileRef = 68F263B81CB3085600C80ACB /* LaunchScreen.storyboard */; };
		68F263C51CB3085600C80ACB /* PocketLibraryTests.swift in Sources */ = {isa = PBXBuildFile; fileRef = 68F263C41CB3085600C80ACB /* PocketLibraryTests.swift */; };
		68F263D01CB3085600C80ACB /* PocketLibraryUITests.swift in Sources */ = {isa = PBXBuildFile; fileRef = 68F263CF1CB3085600C80ACB /* PocketLibraryUITests.swift */; };
		8435138D1CBEF21D00AA9EF9 /* AddNewBookTableViewController.swift in Sources */ = {isa = PBXBuildFile; fileRef = 8435138C1CBEF21D00AA9EF9 /* AddNewBookTableViewController.swift */; };
		8435138F1CBEF22700AA9EF9 /* AddNewBookViewController.swift in Sources */ = {isa = PBXBuildFile; fileRef = 8435138E1CBEF22700AA9EF9 /* AddNewBookViewController.swift */; };
		843513911CBEF23000AA9EF9 /* ApiKeys.swift in Sources */ = {isa = PBXBuildFile; fileRef = 843513901CBEF23000AA9EF9 /* ApiKeys.swift */; };
		843513931CBEF23700AA9EF9 /* Book.swift in Sources */ = {isa = PBXBuildFile; fileRef = 843513921CBEF23700AA9EF9 /* Book.swift */; };
		843513951CBEF23E00AA9EF9 /* MapViewController.swift in Sources */ = {isa = PBXBuildFile; fileRef = 843513941CBEF23E00AA9EF9 /* MapViewController.swift */; };
		843513971CBEF24600AA9EF9 /* SwiftyJSON.swift in Sources */ = {isa = PBXBuildFile; fileRef = 843513961CBEF24600AA9EF9 /* SwiftyJSON.swift */; };
		843513991CBEF25600AA9EF9 /* GoogleBooksService.swift in Sources */ = {isa = PBXBuildFile; fileRef = 843513981CBEF25600AA9EF9 /* GoogleBooksService.swift */; };
		8435139B1CBEF50B00AA9EF9 /* ApiKeys.plist in Resources */ = {isa = PBXBuildFile; fileRef = 8435139A1CBEF50B00AA9EF9 /* ApiKeys.plist */; };
		8435139D1CBEFA9400AA9EF9 /* Collection.swift in Sources */ = {isa = PBXBuildFile; fileRef = 8435139C1CBEFA9400AA9EF9 /* Collection.swift */; };
		84C68C0E1CC6FF060067257C /* MyReadingTableViewController.swift in Sources */ = {isa = PBXBuildFile; fileRef = 84C68C0D1CC6FF060067257C /* MyReadingTableViewController.swift */; };
		84C68C101CC6FF370067257C /* MyWishListTableViewController.swift in Sources */ = {isa = PBXBuildFile; fileRef = 84C68C0F1CC6FF370067257C /* MyWishListTableViewController.swift */; };
		84C68C121CC7080C0067257C /* MyReadingTableViewCell.swift in Sources */ = {isa = PBXBuildFile; fileRef = 84C68C111CC7080C0067257C /* MyReadingTableViewCell.swift */; };
		84C68C141CC7081E0067257C /* MyWishListTableViewCell.swift in Sources */ = {isa = PBXBuildFile; fileRef = 84C68C131CC7081E0067257C /* MyWishListTableViewCell.swift */; };
/* End PBXBuildFile section */

/* Begin PBXContainerItemProxy section */
		68F263C11CB3085600C80ACB /* PBXContainerItemProxy */ = {
			isa = PBXContainerItemProxy;
			containerPortal = 68F263A21CB3085500C80ACB /* Project object */;
			proxyType = 1;
			remoteGlobalIDString = 68F263A91CB3085500C80ACB;
			remoteInfo = PocketLibrary;
		};
		68F263CC1CB3085600C80ACB /* PBXContainerItemProxy */ = {
			isa = PBXContainerItemProxy;
			containerPortal = 68F263A21CB3085500C80ACB /* Project object */;
			proxyType = 1;
			remoteGlobalIDString = 68F263A91CB3085500C80ACB;
			remoteInfo = PocketLibrary;
		};
/* End PBXContainerItemProxy section */

/* Begin PBXFileReference section */
		687C54111CC5AC06008D0546 /* MyLibraryTableViewController.swift */ = {isa = PBXFileReference; fileEncoding = 4; lastKnownFileType = sourcecode.swift; path = MyLibraryTableViewController.swift; sourceTree = "<group>"; };
		68A1FFA01CC6C45E00DFC848 /* MyLibraryTableViewCell.swift */ = {isa = PBXFileReference; fileEncoding = 4; lastKnownFileType = sourcecode.swift; path = MyLibraryTableViewCell.swift; sourceTree = "<group>"; };
		68F263AA1CB3085500C80ACB /* PocketLibrary.app */ = {isa = PBXFileReference; explicitFileType = wrapper.application; includeInIndex = 0; path = PocketLibrary.app; sourceTree = BUILT_PRODUCTS_DIR; };
		68F263AD1CB3085500C80ACB /* AppDelegate.swift */ = {isa = PBXFileReference; lastKnownFileType = sourcecode.swift; path = AppDelegate.swift; sourceTree = "<group>"; };
		68F263AF1CB3085500C80ACB /* ScannerViewController.swift */ = {isa = PBXFileReference; lastKnownFileType = sourcecode.swift; path = ScannerViewController.swift; sourceTree = "<group>"; };
		68F263B41CB3085500C80ACB /* Base */ = {isa = PBXFileReference; lastKnownFileType = file.storyboard; name = Base; path = Base.lproj/Main.storyboard; sourceTree = "<group>"; };
		68F263B61CB3085500C80ACB /* Assets.xcassets */ = {isa = PBXFileReference; lastKnownFileType = folder.assetcatalog; path = Assets.xcassets; sourceTree = "<group>"; };
		68F263B91CB3085600C80ACB /* Base */ = {isa = PBXFileReference; lastKnownFileType = file.storyboard; name = Base; path = Base.lproj/LaunchScreen.storyboard; sourceTree = "<group>"; };
		68F263BB1CB3085600C80ACB /* Info.plist */ = {isa = PBXFileReference; lastKnownFileType = text.plist.xml; path = Info.plist; sourceTree = "<group>"; };
		68F263C01CB3085600C80ACB /* PocketLibraryTests.xctest */ = {isa = PBXFileReference; explicitFileType = wrapper.cfbundle; includeInIndex = 0; path = PocketLibraryTests.xctest; sourceTree = BUILT_PRODUCTS_DIR; };
		68F263C41CB3085600C80ACB /* PocketLibraryTests.swift */ = {isa = PBXFileReference; lastKnownFileType = sourcecode.swift; path = PocketLibraryTests.swift; sourceTree = "<group>"; };
		68F263C61CB3085600C80ACB /* Info.plist */ = {isa = PBXFileReference; lastKnownFileType = text.plist.xml; path = Info.plist; sourceTree = "<group>"; };
		68F263CB1CB3085600C80ACB /* PocketLibraryUITests.xctest */ = {isa = PBXFileReference; explicitFileType = wrapper.cfbundle; includeInIndex = 0; path = PocketLibraryUITests.xctest; sourceTree = BUILT_PRODUCTS_DIR; };
		68F263CF1CB3085600C80ACB /* PocketLibraryUITests.swift */ = {isa = PBXFileReference; lastKnownFileType = sourcecode.swift; path = PocketLibraryUITests.swift; sourceTree = "<group>"; };
		68F263D11CB3085600C80ACB /* Info.plist */ = {isa = PBXFileReference; lastKnownFileType = text.plist.xml; path = Info.plist; sourceTree = "<group>"; };
		8435138C1CBEF21D00AA9EF9 /* AddNewBookTableViewController.swift */ = {isa = PBXFileReference; fileEncoding = 4; lastKnownFileType = sourcecode.swift; path = AddNewBookTableViewController.swift; sourceTree = "<group>"; };
		8435138E1CBEF22700AA9EF9 /* AddNewBookViewController.swift */ = {isa = PBXFileReference; fileEncoding = 4; lastKnownFileType = sourcecode.swift; path = AddNewBookViewController.swift; sourceTree = "<group>"; };
		843513901CBEF23000AA9EF9 /* ApiKeys.swift */ = {isa = PBXFileReference; fileEncoding = 4; lastKnownFileType = sourcecode.swift; path = ApiKeys.swift; sourceTree = "<group>"; };
		843513921CBEF23700AA9EF9 /* Book.swift */ = {isa = PBXFileReference; fileEncoding = 4; lastKnownFileType = sourcecode.swift; path = Book.swift; sourceTree = "<group>"; };
		843513941CBEF23E00AA9EF9 /* MapViewController.swift */ = {isa = PBXFileReference; fileEncoding = 4; lastKnownFileType = sourcecode.swift; path = MapViewController.swift; sourceTree = "<group>"; };
		843513961CBEF24600AA9EF9 /* SwiftyJSON.swift */ = {isa = PBXFileReference; fileEncoding = 4; lastKnownFileType = sourcecode.swift; path = SwiftyJSON.swift; sourceTree = "<group>"; };
		843513981CBEF25600AA9EF9 /* GoogleBooksService.swift */ = {isa = PBXFileReference; fileEncoding = 4; lastKnownFileType = sourcecode.swift; path = GoogleBooksService.swift; sourceTree = SOURCE_ROOT; };
		8435139A1CBEF50B00AA9EF9 /* ApiKeys.plist */ = {isa = PBXFileReference; fileEncoding = 4; lastKnownFileType = text.plist.xml; path = ApiKeys.plist; sourceTree = "<group>"; };
		8435139C1CBEFA9400AA9EF9 /* Collection.swift */ = {isa = PBXFileReference; fileEncoding = 4; lastKnownFileType = sourcecode.swift; path = Collection.swift; sourceTree = "<group>"; };
		84C68C0D1CC6FF060067257C /* MyReadingTableViewController.swift */ = {isa = PBXFileReference; fileEncoding = 4; lastKnownFileType = sourcecode.swift; path = MyReadingTableViewController.swift; sourceTree = "<group>"; };
		84C68C0F1CC6FF370067257C /* MyWishListTableViewController.swift */ = {isa = PBXFileReference; fileEncoding = 4; lastKnownFileType = sourcecode.swift; path = MyWishListTableViewController.swift; sourceTree = "<group>"; };
		84C68C111CC7080C0067257C /* MyReadingTableViewCell.swift */ = {isa = PBXFileReference; fileEncoding = 4; lastKnownFileType = sourcecode.swift; path = MyReadingTableViewCell.swift; sourceTree = "<group>"; };
		84C68C131CC7081E0067257C /* MyWishListTableViewCell.swift */ = {isa = PBXFileReference; fileEncoding = 4; lastKnownFileType = sourcecode.swift; path = MyWishListTableViewCell.swift; sourceTree = "<group>"; };
/* End PBXFileReference section */

/* Begin PBXFrameworksBuildPhase section */
		68F263A71CB3085500C80ACB /* Frameworks */ = {
			isa = PBXFrameworksBuildPhase;
			buildActionMask = 2147483647;
			files = (
			);
			runOnlyForDeploymentPostprocessing = 0;
		};
		68F263BD1CB3085600C80ACB /* Frameworks */ = {
			isa = PBXFrameworksBuildPhase;
			buildActionMask = 2147483647;
			files = (
			);
			runOnlyForDeploymentPostprocessing = 0;
		};
		68F263C81CB3085600C80ACB /* Frameworks */ = {
			isa = PBXFrameworksBuildPhase;
			buildActionMask = 2147483647;
			files = (
			);
			runOnlyForDeploymentPostprocessing = 0;
		};
/* End PBXFrameworksBuildPhase section */

/* Begin PBXGroup section */
		689BAD641CD1078F002E027E /* Model */ = {
			isa = PBXGroup;
			children = (
			);
			name = Model;
			sourceTree = "<group>";
		};
		689BAD651CD10797002E027E /* View */ = {
			isa = PBXGroup;
			children = (
			);
			name = View;
			sourceTree = "<group>";
		};
		689BAD661CD107A2002E027E /* Controller */ = {
			isa = PBXGroup;
			children = (
			);
			name = Controller;
			sourceTree = "<group>";
		};
		68F263A11CB3085500C80ACB = {
			isa = PBXGroup;
			children = (
				68F263AC1CB3085500C80ACB /* PocketLibrary */,
				68F263C31CB3085600C80ACB /* PocketLibraryTests */,
				68F263CE1CB3085600C80ACB /* PocketLibraryUITests */,
				68F263AB1CB3085500C80ACB /* Products */,
			);
			sourceTree = "<group>";
		};
		68F263AB1CB3085500C80ACB /* Products */ = {
			isa = PBXGroup;
			children = (
				68F263AA1CB3085500C80ACB /* PocketLibrary.app */,
				68F263C01CB3085600C80ACB /* PocketLibraryTests.xctest */,
				68F263CB1CB3085600C80ACB /* PocketLibraryUITests.xctest */,
			);
			name = Products;
			sourceTree = "<group>";
		};
		68F263AC1CB3085500C80ACB /* PocketLibrary */ = {
			isa = PBXGroup;
			children = (
				689BAD661CD107A2002E027E /* Controller */,
				689BAD651CD10797002E027E /* View */,
				689BAD641CD1078F002E027E /* Model */,
				8435139A1CBEF50B00AA9EF9 /* ApiKeys.plist */,
				68F263AD1CB3085500C80ACB /* AppDelegate.swift */,
				68F263AF1CB3085500C80ACB /* ScannerViewController.swift */,
				843513981CBEF25600AA9EF9 /* GoogleBooksService.swift */,
				843513961CBEF24600AA9EF9 /* SwiftyJSON.swift */,
				843513941CBEF23E00AA9EF9 /* MapViewController.swift */,
				843513921CBEF23700AA9EF9 /* Book.swift */,
				8435139C1CBEFA9400AA9EF9 /* Collection.swift */,
				843513901CBEF23000AA9EF9 /* ApiKeys.swift */,
				8435138E1CBEF22700AA9EF9 /* AddNewBookViewController.swift */,
				8435138C1CBEF21D00AA9EF9 /* AddNewBookTableViewController.swift */,
				68F263B31CB3085500C80ACB /* Main.storyboard */,
				84C68C111CC7080C0067257C /* MyReadingTableViewCell.swift */,
				84C68C131CC7081E0067257C /* MyWishListTableViewCell.swift */,
				84C68C0D1CC6FF060067257C /* MyReadingTableViewController.swift */,
				84C68C0F1CC6FF370067257C /* MyWishListTableViewController.swift */,
				687C54111CC5AC06008D0546 /* MyLibraryTableViewController.swift */,
				68A1FFA01CC6C45E00DFC848 /* MyLibraryTableViewCell.swift */,
				68F263B61CB3085500C80ACB /* Assets.xcassets */,
				68F263B81CB3085600C80ACB /* LaunchScreen.storyboard */,
				68F263BB1CB3085600C80ACB /* Info.plist */,
			);
			path = PocketLibrary;
			sourceTree = "<group>";
		};
		68F263C31CB3085600C80ACB /* PocketLibraryTests */ = {
			isa = PBXGroup;
			children = (
				68F263C41CB3085600C80ACB /* PocketLibraryTests.swift */,
				68F263C61CB3085600C80ACB /* Info.plist */,
			);
			path = PocketLibraryTests;
			sourceTree = "<group>";
		};
		68F263CE1CB3085600C80ACB /* PocketLibraryUITests */ = {
			isa = PBXGroup;
			children = (
				68F263CF1CB3085600C80ACB /* PocketLibraryUITests.swift */,
				68F263D11CB3085600C80ACB /* Info.plist */,
			);
			path = PocketLibraryUITests;
			sourceTree = "<group>";
		};
/* End PBXGroup section */

/* Begin PBXNativeTarget section */
		68F263A91CB3085500C80ACB /* PocketLibrary */ = {
			isa = PBXNativeTarget;
			buildConfigurationList = 68F263D41CB3085600C80ACB /* Build configuration list for PBXNativeTarget "PocketLibrary" */;
			buildPhases = (
				68F263A61CB3085500C80ACB /* Sources */,
				68F263A71CB3085500C80ACB /* Frameworks */,
				68F263A81CB3085500C80ACB /* Resources */,
			);
			buildRules = (
			);
			dependencies = (
			);
			name = PocketLibrary;
			productName = PocketLibrary;
			productReference = 68F263AA1CB3085500C80ACB /* PocketLibrary.app */;
			productType = "com.apple.product-type.application";
		};
		68F263BF1CB3085600C80ACB /* PocketLibraryTests */ = {
			isa = PBXNativeTarget;
			buildConfigurationList = 68F263D71CB3085600C80ACB /* Build configuration list for PBXNativeTarget "PocketLibraryTests" */;
			buildPhases = (
				68F263BC1CB3085600C80ACB /* Sources */,
				68F263BD1CB3085600C80ACB /* Frameworks */,
				68F263BE1CB3085600C80ACB /* Resources */,
			);
			buildRules = (
			);
			dependencies = (
				68F263C21CB3085600C80ACB /* PBXTargetDependency */,
			);
			name = PocketLibraryTests;
			productName = PocketLibraryTests;
			productReference = 68F263C01CB3085600C80ACB /* PocketLibraryTests.xctest */;
			productType = "com.apple.product-type.bundle.unit-test";
		};
		68F263CA1CB3085600C80ACB /* PocketLibraryUITests */ = {
			isa = PBXNativeTarget;
			buildConfigurationList = 68F263DA1CB3085600C80ACB /* Build configuration list for PBXNativeTarget "PocketLibraryUITests" */;
			buildPhases = (
				68F263C71CB3085600C80ACB /* Sources */,
				68F263C81CB3085600C80ACB /* Frameworks */,
				68F263C91CB3085600C80ACB /* Resources */,
			);
			buildRules = (
			);
			dependencies = (
				68F263CD1CB3085600C80ACB /* PBXTargetDependency */,
			);
			name = PocketLibraryUITests;
			productName = PocketLibraryUITests;
			productReference = 68F263CB1CB3085600C80ACB /* PocketLibraryUITests.xctest */;
			productType = "com.apple.product-type.bundle.ui-testing";
		};
/* End PBXNativeTarget section */

/* Begin PBXProject section */
		68F263A21CB3085500C80ACB /* Project object */ = {
			isa = PBXProject;
			attributes = {
				LastSwiftUpdateCheck = 0720;
				LastUpgradeCheck = 0720;
				ORGANIZATIONNAME = "Lucinda Krahl";
				TargetAttributes = {
					68F263A91CB3085500C80ACB = {
						CreatedOnToolsVersion = 7.2;
						DevelopmentTeam = L7SLXWS9A4;
					};
					68F263BF1CB3085600C80ACB = {
						CreatedOnToolsVersion = 7.2;
						TestTargetID = 68F263A91CB3085500C80ACB;
					};
					68F263CA1CB3085600C80ACB = {
						CreatedOnToolsVersion = 7.2;
						TestTargetID = 68F263A91CB3085500C80ACB;
					};
				};
			};
			buildConfigurationList = 68F263A51CB3085500C80ACB /* Build configuration list for PBXProject "PocketLibrary" */;
			compatibilityVersion = "Xcode 3.2";
			developmentRegion = English;
			hasScannedForEncodings = 0;
			knownRegions = (
				en,
				Base,
			);
			mainGroup = 68F263A11CB3085500C80ACB;
			productRefGroup = 68F263AB1CB3085500C80ACB /* Products */;
			projectDirPath = "";
			projectRoot = "";
			targets = (
				68F263A91CB3085500C80ACB /* PocketLibrary */,
				68F263BF1CB3085600C80ACB /* PocketLibraryTests */,
				68F263CA1CB3085600C80ACB /* PocketLibraryUITests */,
			);
		};
/* End PBXProject section */

/* Begin PBXResourcesBuildPhase section */
		68F263A81CB3085500C80ACB /* Resources */ = {
			isa = PBXResourcesBuildPhase;
			buildActionMask = 2147483647;
			files = (
				68F263BA1CB3085600C80ACB /* LaunchScreen.storyboard in Resources */,
				8435139B1CBEF50B00AA9EF9 /* ApiKeys.plist in Resources */,
				68F263B71CB3085500C80ACB /* Assets.xcassets in Resources */,
				68F263B51CB3085500C80ACB /* Main.storyboard in Resources */,
			);
			runOnlyForDeploymentPostprocessing = 0;
		};
		68F263BE1CB3085600C80ACB /* Resources */ = {
			isa = PBXResourcesBuildPhase;
			buildActionMask = 2147483647;
			files = (
			);
			runOnlyForDeploymentPostprocessing = 0;
		};
		68F263C91CB3085600C80ACB /* Resources */ = {
			isa = PBXResourcesBuildPhase;
			buildActionMask = 2147483647;
			files = (
			);
			runOnlyForDeploymentPostprocessing = 0;
		};
/* End PBXResourcesBuildPhase section */

/* Begin PBXSourcesBuildPhase section */
		68F263A61CB3085500C80ACB /* Sources */ = {
			isa = PBXSourcesBuildPhase;
			buildActionMask = 2147483647;
			files = (
				68F263AE1CB3085500C80ACB /* AppDelegate.swift in Sources */,
				68A1FFA11CC6C45E00DFC848 /* MyLibraryTableViewCell.swift in Sources */,
				8435139D1CBEFA9400AA9EF9 /* Collection.swift in Sources */,
				843513931CBEF23700AA9EF9 /* Book.swift in Sources */,
				843513991CBEF25600AA9EF9 /* GoogleBooksService.swift in Sources */,
				843513911CBEF23000AA9EF9 /* ApiKeys.swift in Sources */,
				68F263B01CB3085500C80ACB /* ScannerViewController.swift in Sources */,
				8435138F1CBEF22700AA9EF9 /* AddNewBookViewController.swift in Sources */,
				84C68C141CC7081E0067257C /* MyWishListTableViewCell.swift in Sources */,
				843513971CBEF24600AA9EF9 /* SwiftyJSON.swift in Sources */,
				84C68C0E1CC6FF060067257C /* MyReadingTableViewController.swift in Sources */,
				84C68C121CC7080C0067257C /* MyReadingTableViewCell.swift in Sources */,
				687C54121CC5AC06008D0546 /* MyLibraryTableViewController.swift in Sources */,
				8435138D1CBEF21D00AA9EF9 /* AddNewBookTableViewController.swift in Sources */,
				84C68C101CC6FF370067257C /* MyWishListTableViewController.swift in Sources */,
				843513951CBEF23E00AA9EF9 /* MapViewController.swift in Sources */,
			);
			runOnlyForDeploymentPostprocessing = 0;
		};
		68F263BC1CB3085600C80ACB /* Sources */ = {
			isa = PBXSourcesBuildPhase;
			buildActionMask = 2147483647;
			files = (
				68F263C51CB3085600C80ACB /* PocketLibraryTests.swift in Sources */,
			);
			runOnlyForDeploymentPostprocessing = 0;
		};
		68F263C71CB3085600C80ACB /* Sources */ = {
			isa = PBXSourcesBuildPhase;
			buildActionMask = 2147483647;
			files = (
				68F263D01CB3085600C80ACB /* PocketLibraryUITests.swift in Sources */,
			);
			runOnlyForDeploymentPostprocessing = 0;
		};
/* End PBXSourcesBuildPhase section */

/* Begin PBXTargetDependency section */
		68F263C21CB3085600C80ACB /* PBXTargetDependency */ = {
			isa = PBXTargetDependency;
			target = 68F263A91CB3085500C80ACB /* PocketLibrary */;
			targetProxy = 68F263C11CB3085600C80ACB /* PBXContainerItemProxy */;
		};
		68F263CD1CB3085600C80ACB /* PBXTargetDependency */ = {
			isa = PBXTargetDependency;
			target = 68F263A91CB3085500C80ACB /* PocketLibrary */;
			targetProxy = 68F263CC1CB3085600C80ACB /* PBXContainerItemProxy */;
		};
/* End PBXTargetDependency section */

/* Begin PBXVariantGroup section */
		68F263B31CB3085500C80ACB /* Main.storyboard */ = {
			isa = PBXVariantGroup;
			children = (
				68F263B41CB3085500C80ACB /* Base */,
			);
			name = Main.storyboard;
			sourceTree = "<group>";
		};
		68F263B81CB3085600C80ACB /* LaunchScreen.storyboard */ = {
			isa = PBXVariantGroup;
			children = (
				68F263B91CB3085600C80ACB /* Base */,
			);
			name = LaunchScreen.storyboard;
			sourceTree = "<group>";
		};
/* End PBXVariantGroup section */

/* Begin XCBuildConfiguration section */
		68F263D21CB3085600C80ACB /* Debug */ = {
			isa = XCBuildConfiguration;
			buildSettings = {
				ALWAYS_SEARCH_USER_PATHS = NO;
				CLANG_CXX_LANGUAGE_STANDARD = "gnu++0x";
				CLANG_CXX_LIBRARY = "libc++";
				CLANG_ENABLE_MODULES = YES;
				CLANG_ENABLE_OBJC_ARC = YES;
				CLANG_WARN_BOOL_CONVERSION = YES;
				CLANG_WARN_CONSTANT_CONVERSION = YES;
				CLANG_WARN_DIRECT_OBJC_ISA_USAGE = YES_ERROR;
				CLANG_WARN_EMPTY_BODY = YES;
				CLANG_WARN_ENUM_CONVERSION = YES;
				CLANG_WARN_INT_CONVERSION = YES;
				CLANG_WARN_OBJC_ROOT_CLASS = YES_ERROR;
				CLANG_WARN_UNREACHABLE_CODE = YES;
				CLANG_WARN__DUPLICATE_METHOD_MATCH = YES;
				"CODE_SIGN_IDENTITY[sdk=iphoneos*]" = "iPhone Developer";
				COPY_PHASE_STRIP = NO;
				DEBUG_INFORMATION_FORMAT = dwarf;
				ENABLE_STRICT_OBJC_MSGSEND = YES;
				ENABLE_TESTABILITY = YES;
				GCC_C_LANGUAGE_STANDARD = gnu99;
				GCC_DYNAMIC_NO_PIC = NO;
				GCC_NO_COMMON_BLOCKS = YES;
				GCC_OPTIMIZATION_LEVEL = 0;
				GCC_PREPROCESSOR_DEFINITIONS = (
					"DEBUG=1",
					"$(inherited)",
				);
				GCC_WARN_64_TO_32_BIT_CONVERSION = YES;
				GCC_WARN_ABOUT_RETURN_TYPE = YES_ERROR;
				GCC_WARN_UNDECLARED_SELECTOR = YES;
				GCC_WARN_UNINITIALIZED_AUTOS = YES_AGGRESSIVE;
				GCC_WARN_UNUSED_FUNCTION = YES;
				GCC_WARN_UNUSED_VARIABLE = YES;
				IPHONEOS_DEPLOYMENT_TARGET = 9.2;
				MTL_ENABLE_DEBUG_INFO = YES;
				ONLY_ACTIVE_ARCH = YES;
				SDKROOT = iphoneos;
				SWIFT_OPTIMIZATION_LEVEL = "-Onone";
				TARGETED_DEVICE_FAMILY = "1,2";
			};
			name = Debug;
		};
		68F263D31CB3085600C80ACB /* Release */ = {
			isa = XCBuildConfiguration;
			buildSettings = {
				ALWAYS_SEARCH_USER_PATHS = NO;
				CLANG_CXX_LANGUAGE_STANDARD = "gnu++0x";
				CLANG_CXX_LIBRARY = "libc++";
				CLANG_ENABLE_MODULES = YES;
				CLANG_ENABLE_OBJC_ARC = YES;
				CLANG_WARN_BOOL_CONVERSION = YES;
				CLANG_WARN_CONSTANT_CONVERSION = YES;
				CLANG_WARN_DIRECT_OBJC_ISA_USAGE = YES_ERROR;
				CLANG_WARN_EMPTY_BODY = YES;
				CLANG_WARN_ENUM_CONVERSION = YES;
				CLANG_WARN_INT_CONVERSION = YES;
				CLANG_WARN_OBJC_ROOT_CLASS = YES_ERROR;
				CLANG_WARN_UNREACHABLE_CODE = YES;
				CLANG_WARN__DUPLICATE_METHOD_MATCH = YES;
				"CODE_SIGN_IDENTITY[sdk=iphoneos*]" = "iPhone Developer";
				COPY_PHASE_STRIP = NO;
				DEBUG_INFORMATION_FORMAT = "dwarf-with-dsym";
				ENABLE_NS_ASSERTIONS = NO;
				ENABLE_STRICT_OBJC_MSGSEND = YES;
				GCC_C_LANGUAGE_STANDARD = gnu99;
				GCC_NO_COMMON_BLOCKS = YES;
				GCC_WARN_64_TO_32_BIT_CONVERSION = YES;
				GCC_WARN_ABOUT_RETURN_TYPE = YES_ERROR;
				GCC_WARN_UNDECLARED_SELECTOR = YES;
				GCC_WARN_UNINITIALIZED_AUTOS = YES_AGGRESSIVE;
				GCC_WARN_UNUSED_FUNCTION = YES;
				GCC_WARN_UNUSED_VARIABLE = YES;
				IPHONEOS_DEPLOYMENT_TARGET = 9.2;
				MTL_ENABLE_DEBUG_INFO = NO;
				SDKROOT = iphoneos;
				TARGETED_DEVICE_FAMILY = "1,2";
				VALIDATE_PRODUCT = YES;
			};
			name = Release;
		};
		68F263D51CB3085600C80ACB /* Debug */ = {
			isa = XCBuildConfiguration;
			buildSettings = {
				ASSETCATALOG_COMPILER_APPICON_NAME = AppIcon;
				CODE_SIGN_IDENTITY = "iPhone Developer";
				"CODE_SIGN_IDENTITY[sdk=iphoneos*]" = "iPhone Developer";
				INFOPLIST_FILE = PocketLibrary/Info.plist;
				LD_RUNPATH_SEARCH_PATHS = "$(inherited) @executable_path/Frameworks";
				PRODUCT_BUNDLE_IDENTIFIER = cse40333;
				PRODUCT_NAME = "$(TARGET_NAME)";
				PROVISIONING_PROFILE = "";
			};
			name = Debug;
		};
		68F263D61CB3085600C80ACB /* Release */ = {
			isa = XCBuildConfiguration;
			buildSettings = {
				ASSETCATALOG_COMPILER_APPICON_NAME = AppIcon;
				CODE_SIGN_IDENTITY = "iPhone Developer";
				"CODE_SIGN_IDENTITY[sdk=iphoneos*]" = "iPhone Developer";
				INFOPLIST_FILE = PocketLibrary/Info.plist;
				LD_RUNPATH_SEARCH_PATHS = "$(inherited) @executable_path/Frameworks";
				PRODUCT_BUNDLE_IDENTIFIER = cse40333;
				PRODUCT_NAME = "$(TARGET_NAME)";
				PROVISIONING_PROFILE = "";
			};
			name = Release;
		};
		68F263D81CB3085600C80ACB /* Debug */ = {
			isa = XCBuildConfiguration;
			buildSettings = {
				BUNDLE_LOADER = "$(TEST_HOST)";
				INFOPLIST_FILE = PocketLibraryTests/Info.plist;
				LD_RUNPATH_SEARCH_PATHS = "$(inherited) @executable_path/Frameworks @loader_path/Frameworks";
				PRODUCT_BUNDLE_IDENTIFIER = cse40333.PocketLibraryTests;
				PRODUCT_NAME = "$(TARGET_NAME)";
				TEST_HOST = "$(BUILT_PRODUCTS_DIR)/PocketLibrary.app/PocketLibrary";
			};
			name = Debug;
		};
		68F263D91CB3085600C80ACB /* Release */ = {
			isa = XCBuildConfiguration;
			buildSettings = {
				BUNDLE_LOADER = "$(TEST_HOST)";
				INFOPLIST_FILE = PocketLibraryTests/Info.plist;
				LD_RUNPATH_SEARCH_PATHS = "$(inherited) @executable_path/Frameworks @loader_path/Frameworks";
				PRODUCT_BUNDLE_IDENTIFIER = cse40333.PocketLibraryTests;
				PRODUCT_NAME = "$(TARGET_NAME)";
				TEST_HOST = "$(BUILT_PRODUCTS_DIR)/PocketLibrary.app/PocketLibrary";
			};
			name = Release;
		};
		68F263DB1CB3085600C80ACB /* Debug */ = {
			isa = XCBuildConfiguration;
			buildSettings = {
				INFOPLIST_FILE = PocketLibraryUITests/Info.plist;
				LD_RUNPATH_SEARCH_PATHS = "$(inherited) @executable_path/Frameworks @loader_path/Frameworks";
				PRODUCT_BUNDLE_IDENTIFIER = cse40333.PocketLibraryUITests;
				PRODUCT_NAME = "$(TARGET_NAME)";
				TEST_TARGET_NAME = PocketLibrary;
				USES_XCTRUNNER = YES;
			};
			name = Debug;
		};
		68F263DC1CB3085600C80ACB /* Release */ = {
			isa = XCBuildConfiguration;
			buildSettings = {
				INFOPLIST_FILE = PocketLibraryUITests/Info.plist;
				LD_RUNPATH_SEARCH_PATHS = "$(inherited) @executable_path/Frameworks @loader_path/Frameworks";
				PRODUCT_BUNDLE_IDENTIFIER = cse40333.PocketLibraryUITests;
				PRODUCT_NAME = "$(TARGET_NAME)";
				TEST_TARGET_NAME = PocketLibrary;
				USES_XCTRUNNER = YES;
			};
			name = Release;
		};
/* End XCBuildConfiguration section */

/* Begin XCConfigurationList section */
		68F263A51CB3085500C80ACB /* Build configuration list for PBXProject "PocketLibrary" */ = {
			isa = XCConfigurationList;
			buildConfigurations = (
				68F263D21CB3085600C80ACB /* Debug */,
				68F263D31CB3085600C80ACB /* Release */,
			);
			defaultConfigurationIsVisible = 0;
			defaultConfigurationName = Release;
		};
		68F263D41CB3085600C80ACB /* Build configuration list for PBXNativeTarget "PocketLibrary" */ = {
			isa = XCConfigurationList;
			buildConfigurations = (
				68F263D51CB3085600C80ACB /* Debug */,
				68F263D61CB3085600C80ACB /* Release */,
			);
			defaultConfigurationIsVisible = 0;
			defaultConfigurationName = Release;
		};
		68F263D71CB3085600C80ACB /* Build configuration list for PBXNativeTarget "PocketLibraryTests" */ = {
			isa = XCConfigurationList;
			buildConfigurations = (
				68F263D81CB3085600C80ACB /* Debug */,
				68F263D91CB3085600C80ACB /* Release */,
			);
			defaultConfigurationIsVisible = 0;
			defaultConfigurationName = Release;
		};
		68F263DA1CB3085600C80ACB /* Build configuration list for PBXNativeTarget "PocketLibraryUITests" */ = {
			isa = XCConfigurationList;
			buildConfigurations = (
				68F263DB1CB3085600C80ACB /* Debug */,
				68F263DC1CB3085600C80ACB /* Release */,
			);
			defaultConfigurationIsVisible = 0;
			defaultConfigurationName = Release;
		};
/* End XCConfigurationList section */
	};
	rootObject = 68F263A21CB3085500C80ACB /* Project object */;
}
